
Microsoft Visual Studio Solution File, Format Version 12.00
# Visual Studio Version 17
VisualStudioVersion = 17.2.32630.192
MinimumVisualStudioVersion = 10.0.40219.1
Project("{9A19103F-16F7-4668-BE54-9A1E7A4F7556}") = "mioPharma", "mioPharma\mioPharma.csproj", "{9C0651E6-80BE-4EF9-BAC4-2783ABE168EA}"
EndProject
Global
	GlobalSection(SolutionConfigurationPlatforms) = preSolution
		Debug|Any CPU = Debug|Any CPU
		Release|Any CPU = Release|Any CPU
	EndGlobalSection
	GlobalSection(ProjectConfigurationPlatforms) = postSolution
		{9C0651E6-80BE-4EF9-BAC4-2783ABE168EA}.Debug|Any CPU.ActiveCfg = Debug|Any CPU
		{9C0651E6-80BE-4EF9-BAC4-2783ABE168EA}.Debug|Any CPU.Build.0 = Debug|Any CPU
		{9C0651E6-80BE-4EF9-BAC4-2783ABE168EA}.Release|Any CPU.ActiveCfg = Release|Any CPU
		{9C0651E6-80BE-4EF9-BAC4-2783ABE168EA}.Release|Any CPU.Build.0 = Release|Any CPU
	EndGlobalSection
	GlobalSection(SolutionProperties) = preSolution
		HideSolutionNode = FALSE
	EndGlobalSection
	GlobalSection(ExtensibilityGlobals) = postSolution
		SolutionGuid = {BC0DAFDD-0041-4FD3-97B5-E53380B6D5CF}
	EndGlobalSection
EndGlobal
